
Microsoft Visual Studio Solution File, Format Version 12.00
# Visual Studio Version 16
VisualStudioVersion = 16.0.30523.141
MinimumVisualStudioVersion = 10.0.40219.1
Project("{FAE04EC0-301F-11D3-BF4B-00C04F79EFBC}") = "Assign1", "Assign1\Assign1.csproj", "{0E0B6CD5-3836-4488-BB02-ACA3086F6FAD}"
EndProject
Global
	GlobalSection(SolutionConfigurationPlatforms) = preSolution
		Debug|Any CPU = Debug|Any CPU
		Release|Any CPU = Release|Any CPU
	EndGlobalSection
	GlobalSection(ProjectConfigurationPlatforms) = postSolution
		{0E0B6CD5-3836-4488-BB02-ACA3086F6FAD}.Debug|Any CPU.ActiveCfg = Debug|Any CPU
		{0E0B6CD5-3836-4488-BB02-ACA3086F6FAD}.Debug|Any CPU.Build.0 = Debug|Any CPU
		{0E0B6CD5-3836-4488-BB02-ACA3086F6FAD}.Release|Any CPU.ActiveCfg = Release|Any CPU
		{0E0B6CD5-3836-4488-BB02-ACA3086F6FAD}.Release|Any CPU.Build.0 = Release|Any CPU
	EndGlobalSection
	GlobalSection(SolutionProperties) = preSolution
		HideSolutionNode = FALSE
	EndGlobalSection
	GlobalSection(ExtensibilityGlobals) = postSolution
		SolutionGuid = {B42C0935-8867-46AE-98C1-DCFAA0751D5F}
	EndGlobalSection
EndGlobal
